// !$*UTF8*$!
{
	archiveVersion = 1;
	classes = {
	};
	objectVersion = 50;
	objects = {

/* Begin PBXBuildFile section */
		8C49AD222492832200F360CA /* Assets.xcassets in Resources */ = {isa = PBXBuildFile; fileRef = 8C49AD212492832200F360CA /* Assets.xcassets */; };
		8C49AD252492832200F360CA /* Preview Assets.xcassets in Resources */ = {isa = PBXBuildFile; fileRef = 8C49AD242492832200F360CA /* Preview Assets.xcassets */; };
		8C49AD282492832200F360CA /* LaunchScreen.storyboard in Resources */ = {isa = PBXBuildFile; fileRef = 8C49AD262492832200F360CA /* LaunchScreen.storyboard */; };
		8C49AD452492835A00F360CA /* PlayerStatsViewModel.swift in Sources */ = {isa = PBXBuildFile; fileRef = 8C49AD302492835A00F360CA /* PlayerStatsViewModel.swift */; };
		8C49AD462492835A00F360CA /* Player.swift in Sources */ = {isa = PBXBuildFile; fileRef = 8C49AD322492835A00F360CA /* Player.swift */; };
		8C49AD472492835A00F360CA /* Stat.swift in Sources */ = {isa = PBXBuildFile; fileRef = 8C49AD332492835A00F360CA /* Stat.swift */; };
		8C49AD482492835A00F360CA /* AppDelegate.swift in Sources */ = {isa = PBXBuildFile; fileRef = 8C49AD352492835A00F360CA /* AppDelegate.swift */; };
		8C49AD492492835A00F360CA /* SceneDelegate.swift in Sources */ = {isa = PBXBuildFile; fileRef = 8C49AD362492835A00F360CA /* SceneDelegate.swift */; };
		8C49AD4A2492835A00F360CA /* PlayerStats.swift in Sources */ = {isa = PBXBuildFile; fileRef = 8C49AD382492835A00F360CA /* PlayerStats.swift */; };
		8C49AD4B2492835A00F360CA /* PlayerStatsList.swift in Sources */ = {isa = PBXBuildFile; fileRef = 8C49AD3A2492835A00F360CA /* PlayerStatsList.swift */; };
		8C49AD4C2492835A00F360CA /* PlayerStatsDashboard.swift in Sources */ = {isa = PBXBuildFile; fileRef = 8C49AD3B2492835A00F360CA /* PlayerStatsDashboard.swift */; };
		8C49AD4D2492835A00F360CA /* Ring.swift in Sources */ = {isa = PBXBuildFile; fileRef = 8C49AD3D2492835A00F360CA /* Ring.swift */; };
		8C49AD4E2492835A00F360CA /* Dashboard.swift in Sources */ = {isa = PBXBuildFile; fileRef = 8C49AD3F2492835A00F360CA /* Dashboard.swift */; };
		8C49AD4F2492835A00F360CA /* ActivityIndicator.swift in Sources */ = {isa = PBXBuildFile; fileRef = 8C49AD402492835A00F360CA /* ActivityIndicator.swift */; };
		8C49AD502492835A00F360CA /* LoadingList.swift in Sources */ = {isa = PBXBuildFile; fileRef = 8C49AD412492835A00F360CA /* LoadingList.swift */; };
		8C49AD512492835A00F360CA /* ProgressCircleView.swift in Sources */ = {isa = PBXBuildFile; fileRef = 8C49AD422492835A00F360CA /* ProgressCircleView.swift */; };
		8C49AD522492835A00F360CA /* ProgressCircle.swift in Sources */ = {isa = PBXBuildFile; fileRef = 8C49AD432492835A00F360CA /* ProgressCircle.swift */; };
		8C49AD532492835A00F360CA /* PlayerStatsView.swift in Sources */ = {isa = PBXBuildFile; fileRef = 8C49AD442492835A00F360CA /* PlayerStatsView.swift */; };
		8C49AD572492837300F360CA /* Database.swift in Sources */ = {isa = PBXBuildFile; fileRef = 8C49AD552492837300F360CA /* Database.swift */; };
		8C49AD582492837300F360CA /* PlayerLoading.swift in Sources */ = {isa = PBXBuildFile; fileRef = 8C49AD562492837300F360CA /* PlayerLoading.swift */; };
/* End PBXBuildFile section */

/* Begin PBXFileReference section */
		8C49AD182492832100F360CA /* 004-swiftui-code-structure.app */ = {isa = PBXFileReference; explicitFileType = wrapper.application; includeInIndex = 0; path = "004-swiftui-code-structure.app"; sourceTree = BUILT_PRODUCTS_DIR; };
		8C49AD212492832200F360CA /* Assets.xcassets */ = {isa = PBXFileReference; lastKnownFileType = folder.assetcatalog; path = Assets.xcassets; sourceTree = "<group>"; };
		8C49AD242492832200F360CA /* Preview Assets.xcassets */ = {isa = PBXFileReference; lastKnownFileType = folder.assetcatalog; path = "Preview Assets.xcassets"; sourceTree = "<group>"; };
		8C49AD272492832200F360CA /* Base */ = {isa = PBXFileReference; lastKnownFileType = file.storyboard; name = Base; path = Base.lproj/LaunchScreen.storyboard; sourceTree = "<group>"; };
		8C49AD292492832200F360CA /* Info.plist */ = {isa = PBXFileReference; lastKnownFileType = text.plist.xml; path = Info.plist; sourceTree = "<group>"; };
		8C49AD302492835A00F360CA /* PlayerStatsViewModel.swift */ = {isa = PBXFileReference; fileEncoding = 4; lastKnownFileType = sourcecode.swift; path = PlayerStatsViewModel.swift; sourceTree = "<group>"; };
		8C49AD322492835A00F360CA /* Player.swift */ = {isa = PBXFileReference; fileEncoding = 4; lastKnownFileType = sourcecode.swift; path = Player.swift; sourceTree = "<group>"; };
		8C49AD332492835A00F360CA /* Stat.swift */ = {isa = PBXFileReference; fileEncoding = 4; lastKnownFileType = sourcecode.swift; path = Stat.swift; sourceTree = "<group>"; };
		8C49AD352492835A00F360CA /* AppDelegate.swift */ = {isa = PBXFileReference; fileEncoding = 4; lastKnownFileType = sourcecode.swift; path = AppDelegate.swift; sourceTree = "<group>"; };
		8C49AD362492835A00F360CA /* SceneDelegate.swift */ = {isa = PBXFileReference; fileEncoding = 4; lastKnownFileType = sourcecode.swift; path = SceneDelegate.swift; sourceTree = "<group>"; };
		8C49AD382492835A00F360CA /* PlayerStats.swift */ = {isa = PBXFileReference; fileEncoding = 4; lastKnownFileType = sourcecode.swift; path = PlayerStats.swift; sourceTree = "<group>"; };
		8C49AD3A2492835A00F360CA /* PlayerStatsList.swift */ = {isa = PBXFileReference; fileEncoding = 4; lastKnownFileType = sourcecode.swift; path = PlayerStatsList.swift; sourceTree = "<group>"; };
		8C49AD3B2492835A00F360CA /* PlayerStatsDashboard.swift */ = {isa = PBXFileReference; fileEncoding = 4; lastKnownFileType = sourcecode.swift; path = PlayerStatsDashboard.swift; sourceTree = "<group>"; };
		8C49AD3D2492835A00F360CA /* Ring.swift */ = {isa = PBXFileReference; fileEncoding = 4; lastKnownFileType = sourcecode.swift; path = Ring.swift; sourceTree = "<group>"; };
		8C49AD3F2492835A00F360CA /* Dashboard.swift */ = {isa = PBXFileReference; fileEncoding = 4; lastKnownFileType = sourcecode.swift; path = Dashboard.swift; sourceTree = "<group>"; };
		8C49AD402492835A00F360CA /* ActivityIndicator.swift */ = {isa = PBXFileReference; fileEncoding = 4; lastKnownFileType = sourcecode.swift; path = ActivityIndicator.swift; sourceTree = "<group>"; };
		8C49AD412492835A00F360CA /* LoadingList.swift */ = {isa = PBXFileReference; fileEncoding = 4; lastKnownFileType = sourcecode.swift; path = LoadingList.swift; sourceTree = "<group>"; };
		8C49AD422492835A00F360CA /* ProgressCircleView.swift */ = {isa = PBXFileReference; fileEncoding = 4; lastKnownFileType = sourcecode.swift; path = ProgressCircleView.swift; sourceTree = "<group>"; };
		8C49AD432492835A00F360CA /* ProgressCircle.swift */ = {isa = PBXFileReference; fileEncoding = 4; lastKnownFileType = sourcecode.swift; path = ProgressCircle.swift; sourceTree = "<group>"; };
		8C49AD442492835A00F360CA /* PlayerStatsView.swift */ = {isa = PBXFileReference; fileEncoding = 4; lastKnownFileType = sourcecode.swift; path = PlayerStatsView.swift; sourceTree = "<group>"; };
		8C49AD552492837300F360CA /* Database.swift */ = {isa = PBXFileReference; fileEncoding = 4; lastKnownFileType = sourcecode.swift; path = Database.swift; sourceTree = "<group>"; };
		8C49AD562492837300F360CA /* PlayerLoading.swift */ = {isa = PBXFileReference; fileEncoding = 4; lastKnownFileType = sourcecode.swift; path = PlayerLoading.swift; sourceTree = "<group>"; };
/* End PBXFileReference section */

/* Begin PBXFrameworksBuildPhase section */
		8C49AD152492832100F360CA /* Frameworks */ = {
			isa = PBXFrameworksBuildPhase;
			buildActionMask = 2147483647;
			files = (
			);
			runOnlyForDeploymentPostprocessing = 0;
		};
/* End PBXFrameworksBuildPhase section */

/* Begin PBXGroup section */
		8C49AD0F2492832100F360CA = {
			isa = PBXGroup;
			children = (
				8C49AD1A2492832100F360CA /* 004-swiftui-code-structure */,
				8C49AD192492832100F360CA /* Products */,
			);
			sourceTree = "<group>";
		};
		8C49AD192492832100F360CA /* Products */ = {
			isa = PBXGroup;
			children = (
				8C49AD182492832100F360CA /* 004-swiftui-code-structure.app */,
			);
			name = Products;
			sourceTree = "<group>";
		};
		8C49AD1A2492832100F360CA /* 004-swiftui-code-structure */ = {
			isa = PBXGroup;
			children = (
				8C49AD542492837300F360CA /* Database */,
				8C49AD312492835A00F360CA /* Entities */,
				8C49AD372492835A00F360CA /* Models */,
				8C49AD342492835A00F360CA /* System */,
				8C49AD2F2492835A00F360CA /* ViewModels */,
				8C49AD392492835A00F360CA /* Views */,
				8C49AD212492832200F360CA /* Assets.xcassets */,
				8C49AD262492832200F360CA /* LaunchScreen.storyboard */,
				8C49AD292492832200F360CA /* Info.plist */,
				8C49AD232492832200F360CA /* Preview Content */,
			);
			path = "004-swiftui-code-structure";
			sourceTree = "<group>";
		};
		8C49AD232492832200F360CA /* Preview Content */ = {
			isa = PBXGroup;
			children = (
				8C49AD242492832200F360CA /* Preview Assets.xcassets */,
			);
			path = "Preview Content";
			sourceTree = "<group>";
		};
		8C49AD2F2492835A00F360CA /* ViewModels */ = {
			isa = PBXGroup;
			children = (
				8C49AD302492835A00F360CA /* PlayerStatsViewModel.swift */,
			);
			path = ViewModels;
			sourceTree = "<group>";
		};
		8C49AD312492835A00F360CA /* Entities */ = {
			isa = PBXGroup;
			children = (
				8C49AD322492835A00F360CA /* Player.swift */,
				8C49AD332492835A00F360CA /* Stat.swift */,
			);
			path = Entities;
			sourceTree = "<group>";
		};
		8C49AD342492835A00F360CA /* System */ = {
			isa = PBXGroup;
			children = (
				8C49AD352492835A00F360CA /* AppDelegate.swift */,
				8C49AD362492835A00F360CA /* SceneDelegate.swift */,
			);
			path = System;
			sourceTree = "<group>";
		};
		8C49AD372492835A00F360CA /* Models */ = {
			isa = PBXGroup;
			children = (
				8C49AD382492835A00F360CA /* PlayerStats.swift */,
			);
			path = Models;
			sourceTree = "<group>";
		};
		8C49AD392492835A00F360CA /* Views */ = {
			isa = PBXGroup;
			children = (
				8C49AD3A2492835A00F360CA /* PlayerStatsList.swift */,
				8C49AD3B2492835A00F360CA /* PlayerStatsDashboard.swift */,
				8C49AD3C2492835A00F360CA /* Shapes */,
				8C49AD3E2492835A00F360CA /* Components */,
				8C49AD442492835A00F360CA /* PlayerStatsView.swift */,
			);
			path = Views;
			sourceTree = "<group>";
		};
		8C49AD3C2492835A00F360CA /* Shapes */ = {
			isa = PBXGroup;
			children = (
				8C49AD3D2492835A00F360CA /* Ring.swift */,
			);
			path = Shapes;
			sourceTree = "<group>";
		};
		8C49AD3E2492835A00F360CA /* Components */ = {
			isa = PBXGroup;
			children = (
				8C49AD3F2492835A00F360CA /* Dashboard.swift */,
				8C49AD402492835A00F360CA /* ActivityIndicator.swift */,
				8C49AD412492835A00F360CA /* LoadingList.swift */,
				8C49AD422492835A00F360CA /* ProgressCircleView.swift */,
				8C49AD432492835A00F360CA /* ProgressCircle.swift */,
			);
			path = Components;
			sourceTree = "<group>";
		};
		8C49AD542492837300F360CA /* Database */ = {
			isa = PBXGroup;
			children = (
				8C49AD552492837300F360CA /* Database.swift */,
				8C49AD562492837300F360CA /* PlayerLoading.swift */,
			);
			path = Database;
			sourceTree = "<group>";
		};
/* End PBXGroup section */

/* Begin PBXNativeTarget section */
		8C49AD172492832100F360CA /* 004-swiftui-code-structure */ = {
			isa = PBXNativeTarget;
			buildConfigurationList = 8C49AD2C2492832200F360CA /* Build configuration list for PBXNativeTarget "004-swiftui-code-structure" */;
			buildPhases = (
				8C49AD142492832100F360CA /* Sources */,
				8C49AD152492832100F360CA /* Frameworks */,
				8C49AD162492832100F360CA /* Resources */,
			);
			buildRules = (
			);
			dependencies = (
			);
			name = "004-swiftui-code-structure";
			productName = "004-swiftui-code-structure";
			productReference = 8C49AD182492832100F360CA /* 004-swiftui-code-structure.app */;
			productType = "com.apple.product-type.application";
		};
/* End PBXNativeTarget section */

/* Begin PBXProject section */
		8C49AD102492832100F360CA /* Project object */ = {
			isa = PBXProject;
			attributes = {
				LastSwiftUpdateCheck = 1150;
				LastUpgradeCheck = 1150;
				ORGANIZATIONNAME = "Neil Smith Design LTD";
				TargetAttributes = {
					8C49AD172492832100F360CA = {
						CreatedOnToolsVersion = 11.5;
					};
				};
			};
			buildConfigurationList = 8C49AD132492832100F360CA /* Build configuration list for PBXProject "004-swiftui-code-structure" */;
			compatibilityVersion = "Xcode 9.3";
			developmentRegion = en;
			hasScannedForEncodings = 0;
			knownRegions = (
				en,
				Base,
			);
			mainGroup = 8C49AD0F2492832100F360CA;
			productRefGroup = 8C49AD192492832100F360CA /* Products */;
			projectDirPath = "";
			projectRoot = "";
			targets = (
				8C49AD172492832100F360CA /* 004-swiftui-code-structure */,
			);
		};
/* End PBXProject section */

/* Begin PBXResourcesBuildPhase section */
		8C49AD162492832100F360CA /* Resources */ = {
			isa = PBXResourcesBuildPhase;
			buildActionMask = 2147483647;
			files = (
				8C49AD282492832200F360CA /* LaunchScreen.storyboard in Resources */,
				8C49AD252492832200F360CA /* Preview Assets.xcassets in Resources */,
				8C49AD222492832200F360CA /* Assets.xcassets in Resources */,
			);
			runOnlyForDeploymentPostprocessing = 0;
		};
/* End PBXResourcesBuildPhase section */

/* Begin PBXSourcesBuildPhase section */
		8C49AD142492832100F360CA /* Sources */ = {
			isa = PBXSourcesBuildPhase;
			buildActionMask = 2147483647;
			files = (
				8C49AD4A2492835A00F360CA /* PlayerStats.swift in Sources */,
				8C49AD582492837300F360CA /* PlayerLoading.swift in Sources */,
				8C49AD4C2492835A00F360CA /* PlayerStatsDashboard.swift in Sources */,
				8C49AD4E2492835A00F360CA /* Dashboard.swift in Sources */,
				8C49AD492492835A00F360CA /* SceneDelegate.swift in Sources */,
				8C49AD532492835A00F360CA /* PlayerStatsView.swift in Sources */,
				8C49AD522492835A00F360CA /* ProgressCircle.swift in Sources */,
				8C49AD482492835A00F360CA /* AppDelegate.swift in Sources */,
				8C49AD4F2492835A00F360CA /* ActivityIndicator.swift in Sources */,
				8C49AD472492835A00F360CA /* Stat.swift in Sources */,
				8C49AD4B2492835A00F360CA /* PlayerStatsList.swift in Sources */,
				8C49AD462492835A00F360CA /* Player.swift in Sources */,
				8C49AD4D2492835A00F360CA /* Ring.swift in Sources */,
				8C49AD512492835A00F360CA /* ProgressCircleView.swift in Sources */,
				8C49AD502492835A00F360CA /* LoadingList.swift in Sources */,
				8C49AD572492837300F360CA /* Database.swift in Sources */,
				8C49AD452492835A00F360CA /* PlayerStatsViewModel.swift in Sources */,
			);
			runOnlyForDeploymentPostprocessing = 0;
		};
/* End PBXSourcesBuildPhase section */

/* Begin PBXVariantGroup section */
		8C49AD262492832200F360CA /* LaunchScreen.storyboard */ = {
			isa = PBXVariantGroup;
			children = (
				8C49AD272492832200F360CA /* Base */,
			);
			name = LaunchScreen.storyboard;
			sourceTree = "<group>";
		};
/* End PBXVariantGroup section */

/* Begin XCBuildConfiguration section */
		8C49AD2A2492832200F360CA /* Debug */ = {
			isa = XCBuildConfiguration;
			buildSettings = {
				ALWAYS_SEARCH_USER_PATHS = NO;
				CLANG_ANALYZER_NONNULL = YES;
				CLANG_ANALYZER_NUMBER_OBJECT_CONVERSION = YES_AGGRESSIVE;
				CLANG_CXX_LANGUAGE_STANDARD = "gnu++14";
				CLANG_CXX_LIBRARY = "libc++";
				CLANG_ENABLE_MODULES = YES;
				CLANG_ENABLE_OBJC_ARC = YES;
				CLANG_ENABLE_OBJC_WEAK = YES;
				CLANG_WARN_BLOCK_CAPTURE_AUTORELEASING = YES;
				CLANG_WARN_BOOL_CONVERSION = YES;
				CLANG_WARN_COMMA = YES;
				CLANG_WARN_CONSTANT_CONVERSION = YES;
				CLANG_WARN_DEPRECATED_OBJC_IMPLEMENTATIONS = YES;
				CLANG_WARN_DIRECT_OBJC_ISA_USAGE = YES_ERROR;
				CLANG_WARN_DOCUMENTATION_COMMENTS = YES;
				CLANG_WARN_EMPTY_BODY = YES;
				CLANG_WARN_ENUM_CONVERSION = YES;
				CLANG_WARN_INFINITE_RECURSION = YES;
				CLANG_WARN_INT_CONVERSION = YES;
				CLANG_WARN_NON_LITERAL_NULL_CONVERSION = YES;
				CLANG_WARN_OBJC_IMPLICIT_RETAIN_SELF = YES;
				CLANG_WARN_OBJC_LITERAL_CONVERSION = YES;
				CLANG_WARN_OBJC_ROOT_CLASS = YES_ERROR;
				CLANG_WARN_RANGE_LOOP_ANALYSIS = YES;
				CLANG_WARN_STRICT_PROTOTYPES = YES;
				CLANG_WARN_SUSPICIOUS_MOVE = YES;
				CLANG_WARN_UNGUARDED_AVAILABILITY = YES_AGGRESSIVE;
				CLANG_WARN_UNREACHABLE_CODE = YES;
				CLANG_WARN__DUPLICATE_METHOD_MATCH = YES;
				COPY_PHASE_STRIP = NO;
				DEBUG_INFORMATION_FORMAT = dwarf;
				ENABLE_STRICT_OBJC_MSGSEND = YES;
				ENABLE_TESTABILITY = YES;
				GCC_C_LANGUAGE_STANDARD = gnu11;
				GCC_DYNAMIC_NO_PIC = NO;
				GCC_NO_COMMON_BLOCKS = YES;
				GCC_OPTIMIZATION_LEVEL = 0;
				GCC_PREPROCESSOR_DEFINITIONS = (
					"DEBUG=1",
					"$(inherited)",
				);
				GCC_WARN_64_TO_32_BIT_CONVERSION = YES;
				GCC_WARN_ABOUT_RETURN_TYPE = YES_ERROR;
				GCC_WARN_UNDECLARED_SELECTOR = YES;
				GCC_WARN_UNINITIALIZED_AUTOS = YES_AGGRESSIVE;
				GCC_WARN_UNUSED_FUNCTION = YES;
				GCC_WARN_UNUSED_VARIABLE = YES;
				IPHONEOS_DEPLOYMENT_TARGET = 13.5;
				MTL_ENABLE_DEBUG_INFO = INCLUDE_SOURCE;
				MTL_FAST_MATH = YES;
				ONLY_ACTIVE_ARCH = YES;
				SDKROOT = iphoneos;
				SWIFT_ACTIVE_COMPILATION_CONDITIONS = DEBUG;
				SWIFT_OPTIMIZATION_LEVEL = "-Onone";
			};
			name = Debug;
		};
		8C49AD2B2492832200F360CA /* Release */ = {
			isa = XCBuildConfiguration;
			buildSettings = {
				ALWAYS_SEARCH_USER_PATHS = NO;
				CLANG_ANALYZER_NONNULL = YES;
				CLANG_ANALYZER_NUMBER_OBJECT_CONVERSION = YES_AGGRESSIVE;
				CLANG_CXX_LANGUAGE_STANDARD = "gnu++14";
				CLANG_CXX_LIBRARY = "libc++";
				CLANG_ENABLE_MODULES = YES;
				CLANG_ENABLE_OBJC_ARC = YES;
				CLANG_ENABLE_OBJC_WEAK = YES;
				CLANG_WARN_BLOCK_CAPTURE_AUTORELEASING = YES;
				CLANG_WARN_BOOL_CONVERSION = YES;
				CLANG_WARN_COMMA = YES;
				CLANG_WARN_CONSTANT_CONVERSION = YES;
				CLANG_WARN_DEPRECATED_OBJC_IMPLEMENTATIONS = YES;
				CLANG_WARN_DIRECT_OBJC_ISA_USAGE = YES_ERROR;
				CLANG_WARN_DOCUMENTATION_COMMENTS = YES;
				CLANG_WARN_EMPTY_BODY = YES;
				CLANG_WARN_ENUM_CONVERSION = YES;
				CLANG_WARN_INFINITE_RECURSION = YES;
				CLANG_WARN_INT_CONVERSION = YES;
				CLANG_WARN_NON_LITERAL_NULL_CONVERSION = YES;
				CLANG_WARN_OBJC_IMPLICIT_RETAIN_SELF = YES;
				CLANG_WARN_OBJC_LITERAL_CONVERSION = YES;
				CLANG_WARN_OBJC_ROOT_CLASS = YES_ERROR;
				CLANG_WARN_RANGE_LOOP_ANALYSIS = YES;
				CLANG_WARN_STRICT_PROTOTYPES = YES;
				CLANG_WARN_SUSPICIOUS_MOVE = YES;
				CLANG_WARN_UNGUARDED_AVAILABILITY = YES_AGGRESSIVE;
				CLANG_WARN_UNREACHABLE_CODE = YES;
				CLANG_WARN__DUPLICATE_METHOD_MATCH = YES;
				COPY_PHASE_STRIP = NO;
				DEBUG_INFORMATION_FORMAT = "dwarf-with-dsym";
				ENABLE_NS_ASSERTIONS = NO;
				ENABLE_STRICT_OBJC_MSGSEND = YES;
				GCC_C_LANGUAGE_STANDARD = gnu11;
				GCC_NO_COMMON_BLOCKS = YES;
				GCC_WARN_64_TO_32_BIT_CONVERSION = YES;
				GCC_WARN_ABOUT_RETURN_TYPE = YES_ERROR;
				GCC_WARN_UNDECLARED_SELECTOR = YES;
				GCC_WARN_UNINITIALIZED_AUTOS = YES_AGGRESSIVE;
				GCC_WARN_UNUSED_FUNCTION = YES;
				GCC_WARN_UNUSED_VARIABLE = YES;
				IPHONEOS_DEPLOYMENT_TARGET = 13.5;
				MTL_ENABLE_DEBUG_INFO = NO;
				MTL_FAST_MATH = YES;
				SDKROOT = iphoneos;
				SWIFT_COMPILATION_MODE = wholemodule;
				SWIFT_OPTIMIZATION_LEVEL = "-O";
				VALIDATE_PRODUCT = YES;
			};
			name = Release;
		};
		8C49AD2D2492832200F360CA /* Debug */ = {
			isa = XCBuildConfiguration;
			buildSettings = {
				ASSETCATALOG_COMPILER_APPICON_NAME = AppIcon;
				CODE_SIGN_STYLE = Automatic;
				DEVELOPMENT_ASSET_PATHS = "\"004-swiftui-code-structure/Preview Content\"";
				DEVELOPMENT_TEAM = E5MUM2UUR3;
				ENABLE_PREVIEWS = YES;
				INFOPLIST_FILE = "004-swiftui-code-structure/Info.plist";
				LD_RUNPATH_SEARCH_PATHS = (
					"$(inherited)",
					"@executable_path/Frameworks",
				);
				PRODUCT_BUNDLE_IDENTIFIER = "com.NeilSmithDesignLTD.-04-swiftui-code-structure";
				PRODUCT_NAME = "$(TARGET_NAME)";
				SWIFT_VERSION = 5.0;
				TARGETED_DEVICE_FAMILY = "1,2";
			};
			name = Debug;
		};
		8C49AD2E2492832200F360CA /* Release */ = {
			isa = XCBuildConfiguration;
			buildSettings = {
				ASSETCATALOG_COMPILER_APPICON_NAME = AppIcon;
				CODE_SIGN_STYLE = Automatic;
				DEVELOPMENT_ASSET_PATHS = "\"004-swiftui-code-structure/Preview Content\"";
				DEVELOPMENT_TEAM = E5MUM2UUR3;
				ENABLE_PREVIEWS = YES;
				INFOPLIST_FILE = "004-swiftui-code-structure/Info.plist";
				LD_RUNPATH_SEARCH_PATHS = (
					"$(inherited)",
					"@executable_path/Frameworks",
				);
				PRODUCT_BUNDLE_IDENTIFIER = "com.NeilSmithDesignLTD.-04-swiftui-code-structure";
				PRODUCT_NAME = "$(TARGET_NAME)";
				SWIFT_VERSION = 5.0;
				TARGETED_DEVICE_FAMILY = "1,2";
			};
			name = Release;
		};
/* End XCBuildConfiguration section */

/* Begin XCConfigurationList section */
		8C49AD132492832100F360CA /* Build configuration list for PBXProject "004-swiftui-code-structure" */ = {
			isa = XCConfigurationList;
			buildConfigurations = (
				8C49AD2A2492832200F360CA /* Debug */,
				8C49AD2B2492832200F360CA /* Release */,
			);
			defaultConfigurationIsVisible = 0;
			defaultConfigurationName = Release;
		};
		8C49AD2C2492832200F360CA /* Build configuration list for PBXNativeTarget "004-swiftui-code-structure" */ = {
			isa = XCConfigurationList;
			buildConfigurations = (
				8C49AD2D2492832200F360CA /* Debug */,
				8C49AD2E2492832200F360CA /* Release */,
			);
			defaultConfigurationIsVisible = 0;
			defaultConfigurationName = Release;
		};
/* End XCConfigurationList section */
	};
	rootObject = 8C49AD102492832100F360CA /* Project object */;
}
